// !$*UTF8*$!
{
	archiveVersion = 1;
	classes = {
	};
	objectVersion = 50;
	objects = {

/* Begin PBXBuildFile section */
		C200EFAF2631E27E00EEBF05 /* MetronomeManager.swift in Sources */ = {isa = PBXBuildFile; fileRef = C200EFAE2631E27E00EEBF05 /* MetronomeManager.swift */; };
		C200EFBB2631E76B00EEBF05 /* Logic_accent.wav in Resources */ = {isa = PBXBuildFile; fileRef = C200EFB92631E76B00EEBF05 /* Logic_accent.wav */; };
		C200EFBC2631E76B00EEBF05 /* Logic_main.wav in Resources */ = {isa = PBXBuildFile; fileRef = C200EFBA2631E76B00EEBF05 /* Logic_main.wav */; };
		C201F3BB25F984AC005DAF73 /* AppDelegate.swift in Sources */ = {isa = PBXBuildFile; fileRef = C201F3BA25F984AC005DAF73 /* AppDelegate.swift */; };
		C201F3BD25F984AC005DAF73 /* SceneDelegate.swift in Sources */ = {isa = PBXBuildFile; fileRef = C201F3BC25F984AC005DAF73 /* SceneDelegate.swift */; };
		C201F3C225F984AC005DAF73 /* Main.storyboard in Resources */ = {isa = PBXBuildFile; fileRef = C201F3C025F984AC005DAF73 /* Main.storyboard */; };
		C201F3C525F984AC005DAF73 /* Metronome.xcdatamodeld in Sources */ = {isa = PBXBuildFile; fileRef = C201F3C325F984AC005DAF73 /* Metronome.xcdatamodeld */; };
		C201F3C725F984AF005DAF73 /* Assets.xcassets in Resources */ = {isa = PBXBuildFile; fileRef = C201F3C625F984AF005DAF73 /* Assets.xcassets */; };
		C201F3CA25F984AF005DAF73 /* LaunchScreen.storyboard in Resources */ = {isa = PBXBuildFile; fileRef = C201F3C825F984AF005DAF73 /* LaunchScreen.storyboard */; };
		C201F3D525F984B0005DAF73 /* MetronomeTests.swift in Sources */ = {isa = PBXBuildFile; fileRef = C201F3D425F984B0005DAF73 /* MetronomeTests.swift */; };
		C201F3E025F984B0005DAF73 /* MetronomeUITests.swift in Sources */ = {isa = PBXBuildFile; fileRef = C201F3DF25F984B0005DAF73 /* MetronomeUITests.swift */; };
		C20390D025FC25B100B79F09 /* Metronome.swift in Sources */ = {isa = PBXBuildFile; fileRef = C20390CF25FC25B100B79F09 /* Metronome.swift */; };
		C23DA8FB2600099D00DE0E12 /* Classic_accent.wav in Resources */ = {isa = PBXBuildFile; fileRef = C23DA8F92600099D00DE0E12 /* Classic_accent.wav */; };
		C23DA8FC2600099D00DE0E12 /* Classic_main.wav in Resources */ = {isa = PBXBuildFile; fileRef = C23DA8FA2600099D00DE0E12 /* Classic_main.wav */; };
		C25377CF261751F900619BF6 /* TempoSlider.swift in Sources */ = {isa = PBXBuildFile; fileRef = C25377CE261751F900619BF6 /* TempoSlider.swift */; };
		C268EB2C2629C262007DDBB2 /* TempoListTableView.swift in Sources */ = {isa = PBXBuildFile; fileRef = C268EB2B2629C262007DDBB2 /* TempoListTableView.swift */; };
		C288AE7E260DFE2E00DF1030 /* MainViewController.swift in Sources */ = {isa = PBXBuildFile; fileRef = C288AE7D260DFE2E00DF1030 /* MainViewController.swift */; };
		C29CD55426304A960022ED43 /* AudioCell.swift in Sources */ = {isa = PBXBuildFile; fileRef = C29CD55226304A960022ED43 /* AudioCell.swift */; };
		C29CD55526304A960022ED43 /* AudioCell.xib in Resources */ = {isa = PBXBuildFile; fileRef = C29CD55326304A960022ED43 /* AudioCell.xib */; };
		C29CD5702630DAAD0022ED43 /* AudioFiles.swift in Sources */ = {isa = PBXBuildFile; fileRef = C29CD56F2630DAAD0022ED43 /* AudioFiles.swift */; };
		C2B43B86261D169D0087EF01 /* TempoCell.swift in Sources */ = {isa = PBXBuildFile; fileRef = C2B43B84261D169D0087EF01 /* TempoCell.swift */; };
		C2B43B87261D169D0087EF01 /* TempoCell.xib in Resources */ = {isa = PBXBuildFile; fileRef = C2B43B85261D169D0087EF01 /* TempoCell.xib */; };
		C2C524FC2631E7FA00BB5C08 /* AudioTableViewController.swift in Sources */ = {isa = PBXBuildFile; fileRef = C2C524FB2631E7FA00BB5C08 /* AudioTableViewController.swift */; };
		C2F32A702631947100E4A0D7 /* Sonar_accent.wav in Resources */ = {isa = PBXBuildFile; fileRef = C2F32A5E2631946F00E4A0D7 /* Sonar_accent.wav */; };
		C2F32A742631947100E4A0D7 /* Sonar_main.wav in Resources */ = {isa = PBXBuildFile; fileRef = C2F32A622631947000E4A0D7 /* Sonar_main.wav */; };
		C2F32A752631947100E4A0D7 /* Ableton_main.wav in Resources */ = {isa = PBXBuildFile; fileRef = C2F32A632631947000E4A0D7 /* Ableton_main.wav */; };
		C2F32A772631947100E4A0D7 /* Ableton_accent.wav in Resources */ = {isa = PBXBuildFile; fileRef = C2F32A652631947000E4A0D7 /* Ableton_accent.wav */; };
		C2F32A792631947100E4A0D7 /* Cubase_accent.wav in Resources */ = {isa = PBXBuildFile; fileRef = C2F32A672631947000E4A0D7 /* Cubase_accent.wav */; };
		C2F32A7E2631947100E4A0D7 /* Cubase_main.wav in Resources */ = {isa = PBXBuildFile; fileRef = C2F32A6C2631947100E4A0D7 /* Cubase_main.wav */; };
/* End PBXBuildFile section */

/* Begin PBXContainerItemProxy section */
		C201F3D125F984B0005DAF73 /* PBXContainerItemProxy */ = {
			isa = PBXContainerItemProxy;
			containerPortal = C201F3AF25F984AC005DAF73 /* Project object */;
			proxyType = 1;
			remoteGlobalIDString = C201F3B625F984AC005DAF73;
			remoteInfo = Metronome;
		};
		C201F3DC25F984B0005DAF73 /* PBXContainerItemProxy */ = {
			isa = PBXContainerItemProxy;
			containerPortal = C201F3AF25F984AC005DAF73 /* Project object */;
			proxyType = 1;
			remoteGlobalIDString = C201F3B625F984AC005DAF73;
			remoteInfo = Metronome;
		};
/* End PBXContainerItemProxy section */

/* Begin PBXFileReference section */
		C200EFAE2631E27E00EEBF05 /* MetronomeManager.swift */ = {isa = PBXFileReference; lastKnownFileType = sourcecode.swift; path = MetronomeManager.swift; sourceTree = "<group>"; };
		C200EFB92631E76B00EEBF05 /* Logic_accent.wav */ = {isa = PBXFileReference; lastKnownFileType = audio.wav; path = Logic_accent.wav; sourceTree = "<group>"; };
		C200EFBA2631E76B00EEBF05 /* Logic_main.wav */ = {isa = PBXFileReference; lastKnownFileType = audio.wav; path = Logic_main.wav; sourceTree = "<group>"; };
		C201F3B725F984AC005DAF73 /* Metronome.app */ = {isa = PBXFileReference; explicitFileType = wrapper.application; includeInIndex = 0; path = Metronome.app; sourceTree = BUILT_PRODUCTS_DIR; };
		C201F3BA25F984AC005DAF73 /* AppDelegate.swift */ = {isa = PBXFileReference; lastKnownFileType = sourcecode.swift; path = AppDelegate.swift; sourceTree = "<group>"; };
		C201F3BC25F984AC005DAF73 /* SceneDelegate.swift */ = {isa = PBXFileReference; lastKnownFileType = sourcecode.swift; path = SceneDelegate.swift; sourceTree = "<group>"; };
		C201F3C125F984AC005DAF73 /* Base */ = {isa = PBXFileReference; lastKnownFileType = file.storyboard; name = Base; path = Base.lproj/Main.storyboard; sourceTree = "<group>"; };
		C201F3C425F984AC005DAF73 /* Metronome.xcdatamodel */ = {isa = PBXFileReference; lastKnownFileType = wrapper.xcdatamodel; path = Metronome.xcdatamodel; sourceTree = "<group>"; };
		C201F3C625F984AF005DAF73 /* Assets.xcassets */ = {isa = PBXFileReference; lastKnownFileType = folder.assetcatalog; path = Assets.xcassets; sourceTree = "<group>"; };
		C201F3C925F984AF005DAF73 /* Base */ = {isa = PBXFileReference; lastKnownFileType = file.storyboard; name = Base; path = Base.lproj/LaunchScreen.storyboard; sourceTree = "<group>"; };
		C201F3CB25F984AF005DAF73 /* Info.plist */ = {isa = PBXFileReference; lastKnownFileType = text.plist.xml; path = Info.plist; sourceTree = "<group>"; };
		C201F3D025F984B0005DAF73 /* MetronomeTests.xctest */ = {isa = PBXFileReference; explicitFileType = wrapper.cfbundle; includeInIndex = 0; path = MetronomeTests.xctest; sourceTree = BUILT_PRODUCTS_DIR; };
		C201F3D425F984B0005DAF73 /* MetronomeTests.swift */ = {isa = PBXFileReference; lastKnownFileType = sourcecode.swift; path = MetronomeTests.swift; sourceTree = "<group>"; };
		C201F3D625F984B0005DAF73 /* Info.plist */ = {isa = PBXFileReference; lastKnownFileType = text.plist.xml; path = Info.plist; sourceTree = "<group>"; };
		C201F3DB25F984B0005DAF73 /* MetronomeUITests.xctest */ = {isa = PBXFileReference; explicitFileType = wrapper.cfbundle; includeInIndex = 0; path = MetronomeUITests.xctest; sourceTree = BUILT_PRODUCTS_DIR; };
		C201F3DF25F984B0005DAF73 /* MetronomeUITests.swift */ = {isa = PBXFileReference; lastKnownFileType = sourcecode.swift; path = MetronomeUITests.swift; sourceTree = "<group>"; };
		C201F3E125F984B0005DAF73 /* Info.plist */ = {isa = PBXFileReference; lastKnownFileType = text.plist.xml; path = Info.plist; sourceTree = "<group>"; };
		C20390CF25FC25B100B79F09 /* Metronome.swift */ = {isa = PBXFileReference; lastKnownFileType = sourcecode.swift; path = Metronome.swift; sourceTree = "<group>"; };
		C23DA8F92600099D00DE0E12 /* Classic_accent.wav */ = {isa = PBXFileReference; lastKnownFileType = audio.wav; path = Classic_accent.wav; sourceTree = "<group>"; };
		C23DA8FA2600099D00DE0E12 /* Classic_main.wav */ = {isa = PBXFileReference; lastKnownFileType = audio.wav; path = Classic_main.wav; sourceTree = "<group>"; };
		C25377CE261751F900619BF6 /* TempoSlider.swift */ = {isa = PBXFileReference; lastKnownFileType = sourcecode.swift; path = TempoSlider.swift; sourceTree = "<group>"; };
		C268EB2B2629C262007DDBB2 /* TempoListTableView.swift */ = {isa = PBXFileReference; lastKnownFileType = sourcecode.swift; path = TempoListTableView.swift; sourceTree = "<group>"; };
		C288AE7D260DFE2E00DF1030 /* MainViewController.swift */ = {isa = PBXFileReference; lastKnownFileType = sourcecode.swift; path = MainViewController.swift; sourceTree = "<group>"; };
		C29CD55226304A960022ED43 /* AudioCell.swift */ = {isa = PBXFileReference; lastKnownFileType = sourcecode.swift; path = AudioCell.swift; sourceTree = "<group>"; };
		C29CD55326304A960022ED43 /* AudioCell.xib */ = {isa = PBXFileReference; lastKnownFileType = file.xib; path = AudioCell.xib; sourceTree = "<group>"; };
		C29CD56F2630DAAD0022ED43 /* AudioFiles.swift */ = {isa = PBXFileReference; lastKnownFileType = sourcecode.swift; path = AudioFiles.swift; sourceTree = "<group>"; };
		C2B43B84261D169D0087EF01 /* TempoCell.swift */ = {isa = PBXFileReference; lastKnownFileType = sourcecode.swift; path = TempoCell.swift; sourceTree = "<group>"; };
		C2B43B85261D169D0087EF01 /* TempoCell.xib */ = {isa = PBXFileReference; lastKnownFileType = file.xib; path = TempoCell.xib; sourceTree = "<group>"; };
		C2C524FB2631E7FA00BB5C08 /* AudioTableViewController.swift */ = {isa = PBXFileReference; fileEncoding = 4; lastKnownFileType = sourcecode.swift; path = AudioTableViewController.swift; sourceTree = "<group>"; };
		C2F32A5E2631946F00E4A0D7 /* Sonar_accent.wav */ = {isa = PBXFileReference; lastKnownFileType = audio.wav; path = Sonar_accent.wav; sourceTree = "<group>"; };
		C2F32A622631947000E4A0D7 /* Sonar_main.wav */ = {isa = PBXFileReference; lastKnownFileType = audio.wav; path = Sonar_main.wav; sourceTree = "<group>"; };
		C2F32A632631947000E4A0D7 /* Ableton_main.wav */ = {isa = PBXFileReference; lastKnownFileType = audio.wav; path = Ableton_main.wav; sourceTree = "<group>"; };
		C2F32A652631947000E4A0D7 /* Ableton_accent.wav */ = {isa = PBXFileReference; lastKnownFileType = audio.wav; path = Ableton_accent.wav; sourceTree = "<group>"; };
		C2F32A672631947000E4A0D7 /* Cubase_accent.wav */ = {isa = PBXFileReference; lastKnownFileType = audio.wav; path = Cubase_accent.wav; sourceTree = "<group>"; };
		C2F32A6C2631947100E4A0D7 /* Cubase_main.wav */ = {isa = PBXFileReference; lastKnownFileType = audio.wav; path = Cubase_main.wav; sourceTree = "<group>"; };
/* End PBXFileReference section */

/* Begin PBXFrameworksBuildPhase section */
		C201F3B425F984AC005DAF73 /* Frameworks */ = {
			isa = PBXFrameworksBuildPhase;
			buildActionMask = 2147483647;
			files = (
			);
			runOnlyForDeploymentPostprocessing = 0;
		};
		C201F3CD25F984B0005DAF73 /* Frameworks */ = {
			isa = PBXFrameworksBuildPhase;
			buildActionMask = 2147483647;
			files = (
			);
			runOnlyForDeploymentPostprocessing = 0;
		};
		C201F3D825F984B0005DAF73 /* Frameworks */ = {
			isa = PBXFrameworksBuildPhase;
			buildActionMask = 2147483647;
			files = (
			);
			runOnlyForDeploymentPostprocessing = 0;
		};
/* End PBXFrameworksBuildPhase section */

/* Begin PBXGroup section */
		C201F3AE25F984AC005DAF73 = {
			isa = PBXGroup;
			children = (
				C201F3B925F984AC005DAF73 /* Metronome */,
				C201F3D325F984B0005DAF73 /* MetronomeTests */,
				C201F3DE25F984B0005DAF73 /* MetronomeUITests */,
				C201F3B825F984AC005DAF73 /* Products */,
			);
			sourceTree = "<group>";
		};
		C201F3B825F984AC005DAF73 /* Products */ = {
			isa = PBXGroup;
			children = (
				C201F3B725F984AC005DAF73 /* Metronome.app */,
				C201F3D025F984B0005DAF73 /* MetronomeTests.xctest */,
				C201F3DB25F984B0005DAF73 /* MetronomeUITests.xctest */,
			);
			name = Products;
			sourceTree = "<group>";
		};
		C201F3B925F984AC005DAF73 /* Metronome */ = {
			isa = PBXGroup;
			children = (
				C201F3BA25F984AC005DAF73 /* AppDelegate.swift */,
				C201F3BC25F984AC005DAF73 /* SceneDelegate.swift */,
				C288AE82260DFE3500DF1030 /* ViewControllers */,
				C288AE89260EA61D00DF1030 /* Model */,
				C2B43B83261D15310087EF01 /* View */,
				C201F3C625F984AF005DAF73 /* Assets.xcassets */,
				C2F32A5526318EA700E4A0D7 /* MetronomeSamples */,
				C201F3CB25F984AF005DAF73 /* Info.plist */,
				C201F3C325F984AC005DAF73 /* Metronome.xcdatamodeld */,
			);
			path = Metronome;
			sourceTree = "<group>";
		};
		C201F3D325F984B0005DAF73 /* MetronomeTests */ = {
			isa = PBXGroup;
			children = (
				C201F3D425F984B0005DAF73 /* MetronomeTests.swift */,
				C201F3D625F984B0005DAF73 /* Info.plist */,
			);
			path = MetronomeTests;
			sourceTree = "<group>";
		};
		C201F3DE25F984B0005DAF73 /* MetronomeUITests */ = {
			isa = PBXGroup;
			children = (
				C201F3DF25F984B0005DAF73 /* MetronomeUITests.swift */,
				C201F3E125F984B0005DAF73 /* Info.plist */,
			);
			path = MetronomeUITests;
			sourceTree = "<group>";
		};
		C288AE82260DFE3500DF1030 /* ViewControllers */ = {
			isa = PBXGroup;
			children = (
				C288AE7D260DFE2E00DF1030 /* MainViewController.swift */,
				C2C524FB2631E7FA00BB5C08 /* AudioTableViewController.swift */,
			);
			path = ViewControllers;
			sourceTree = "<group>";
		};
		C288AE89260EA61D00DF1030 /* Model */ = {
			isa = PBXGroup;
			children = (
				C20390CF25FC25B100B79F09 /* Metronome.swift */,
				C200EFAE2631E27E00EEBF05 /* MetronomeManager.swift */,
				C29CD56F2630DAAD0022ED43 /* AudioFiles.swift */,
				C29CD55226304A960022ED43 /* AudioCell.swift */,
				C2B43B84261D169D0087EF01 /* TempoCell.swift */,
				C25377CE261751F900619BF6 /* TempoSlider.swift */,
				C268EB2B2629C262007DDBB2 /* TempoListTableView.swift */,
			);
			name = Model;
			sourceTree = "<group>";
		};
		C2B43B83261D15310087EF01 /* View */ = {
			isa = PBXGroup;
			children = (
				C201F3C025F984AC005DAF73 /* Main.storyboard */,
				C2B43B85261D169D0087EF01 /* TempoCell.xib */,
				C29CD55326304A960022ED43 /* AudioCell.xib */,
				C201F3C825F984AF005DAF73 /* LaunchScreen.storyboard */,
			);
			path = View;
			sourceTree = "<group>";
		};
		C2F32A5526318EA700E4A0D7 /* MetronomeSamples */ = {
			isa = PBXGroup;
			children = (
				C23DA8F92600099D00DE0E12 /* Classic_accent.wav */,
				C23DA8FA2600099D00DE0E12 /* Classic_main.wav */,
				C2F32A652631947000E4A0D7 /* Ableton_accent.wav */,
				C2F32A632631947000E4A0D7 /* Ableton_main.wav */,
				C2F32A672631947000E4A0D7 /* Cubase_accent.wav */,
				C2F32A6C2631947100E4A0D7 /* Cubase_main.wav */,
				C200EFB92631E76B00EEBF05 /* Logic_accent.wav */,
				C200EFBA2631E76B00EEBF05 /* Logic_main.wav */,
				C2F32A5E2631946F00E4A0D7 /* Sonar_accent.wav */,
				C2F32A622631947000E4A0D7 /* Sonar_main.wav */,
			);
			path = MetronomeSamples;
			sourceTree = "<group>";
		};
/* End PBXGroup section */

/* Begin PBXNativeTarget section */
		C201F3B625F984AC005DAF73 /* Metronome */ = {
			isa = PBXNativeTarget;
			buildConfigurationList = C201F3E425F984B0005DAF73 /* Build configuration list for PBXNativeTarget "Metronome" */;
			buildPhases = (
				C201F3B325F984AC005DAF73 /* Sources */,
				C201F3B425F984AC005DAF73 /* Frameworks */,
				C201F3B525F984AC005DAF73 /* Resources */,
			);
			buildRules = (
			);
			dependencies = (
			);
			name = Metronome;
			productName = Metronome;
			productReference = C201F3B725F984AC005DAF73 /* Metronome.app */;
			productType = "com.apple.product-type.application";
		};
		C201F3CF25F984B0005DAF73 /* MetronomeTests */ = {
			isa = PBXNativeTarget;
			buildConfigurationList = C201F3E725F984B0005DAF73 /* Build configuration list for PBXNativeTarget "MetronomeTests" */;
			buildPhases = (
				C201F3CC25F984B0005DAF73 /* Sources */,
				C201F3CD25F984B0005DAF73 /* Frameworks */,
				C201F3CE25F984B0005DAF73 /* Resources */,
			);
			buildRules = (
			);
			dependencies = (
				C201F3D225F984B0005DAF73 /* PBXTargetDependency */,
			);
			name = MetronomeTests;
			productName = MetronomeTests;
			productReference = C201F3D025F984B0005DAF73 /* MetronomeTests.xctest */;
			productType = "com.apple.product-type.bundle.unit-test";
		};
		C201F3DA25F984B0005DAF73 /* MetronomeUITests */ = {
			isa = PBXNativeTarget;
			buildConfigurationList = C201F3EA25F984B0005DAF73 /* Build configuration list for PBXNativeTarget "MetronomeUITests" */;
			buildPhases = (
				C201F3D725F984B0005DAF73 /* Sources */,
				C201F3D825F984B0005DAF73 /* Frameworks */,
				C201F3D925F984B0005DAF73 /* Resources */,
			);
			buildRules = (
			);
			dependencies = (
				C201F3DD25F984B0005DAF73 /* PBXTargetDependency */,
			);
			name = MetronomeUITests;
			productName = MetronomeUITests;
			productReference = C201F3DB25F984B0005DAF73 /* MetronomeUITests.xctest */;
			productType = "com.apple.product-type.bundle.ui-testing";
		};
/* End PBXNativeTarget section */

/* Begin PBXProject section */
		C201F3AF25F984AC005DAF73 /* Project object */ = {
			isa = PBXProject;
			attributes = {
				LastSwiftUpdateCheck = 1230;
				LastUpgradeCheck = 1230;
				TargetAttributes = {
					C201F3B625F984AC005DAF73 = {
						CreatedOnToolsVersion = 12.3;
					};
					C201F3CF25F984B0005DAF73 = {
						CreatedOnToolsVersion = 12.3;
						TestTargetID = C201F3B625F984AC005DAF73;
					};
					C201F3DA25F984B0005DAF73 = {
						CreatedOnToolsVersion = 12.3;
						TestTargetID = C201F3B625F984AC005DAF73;
					};
				};
			};
			buildConfigurationList = C201F3B225F984AC005DAF73 /* Build configuration list for PBXProject "Metronome" */;
			compatibilityVersion = "Xcode 9.3";
			developmentRegion = en;
			hasScannedForEncodings = 0;
			knownRegions = (
				en,
				Base,
			);
			mainGroup = C201F3AE25F984AC005DAF73;
			productRefGroup = C201F3B825F984AC005DAF73 /* Products */;
			projectDirPath = "";
			projectRoot = "";
			targets = (
				C201F3B625F984AC005DAF73 /* Metronome */,
				C201F3CF25F984B0005DAF73 /* MetronomeTests */,
				C201F3DA25F984B0005DAF73 /* MetronomeUITests */,
			);
		};
/* End PBXProject section */

/* Begin PBXResourcesBuildPhase section */
		C201F3B525F984AC005DAF73 /* Resources */ = {
			isa = PBXResourcesBuildPhase;
			buildActionMask = 2147483647;
			files = (
				C200EFBC2631E76B00EEBF05 /* Logic_main.wav in Resources */,
				C23DA8FB2600099D00DE0E12 /* Classic_accent.wav in Resources */,
				C201F3CA25F984AF005DAF73 /* LaunchScreen.storyboard in Resources */,
				C29CD55526304A960022ED43 /* AudioCell.xib in Resources */,
				C2F32A752631947100E4A0D7 /* Ableton_main.wav in Resources */,
				C201F3C725F984AF005DAF73 /* Assets.xcassets in Resources */,
				C2F32A7E2631947100E4A0D7 /* Cubase_main.wav in Resources */,
				C2F32A702631947100E4A0D7 /* Sonar_accent.wav in Resources */,
				C200EFBB2631E76B00EEBF05 /* Logic_accent.wav in Resources */,
				C2F32A792631947100E4A0D7 /* Cubase_accent.wav in Resources */,
				C2B43B87261D169D0087EF01 /* TempoCell.xib in Resources */,
				C2F32A742631947100E4A0D7 /* Sonar_main.wav in Resources */,
				C201F3C225F984AC005DAF73 /* Main.storyboard in Resources */,
				C2F32A772631947100E4A0D7 /* Ableton_accent.wav in Resources */,
				C23DA8FC2600099D00DE0E12 /* Classic_main.wav in Resources */,
			);
			runOnlyForDeploymentPostprocessing = 0;
		};
		C201F3CE25F984B0005DAF73 /* Resources */ = {
			isa = PBXResourcesBuildPhase;
			buildActionMask = 2147483647;
			files = (
			);
			runOnlyForDeploymentPostprocessing = 0;
		};
		C201F3D925F984B0005DAF73 /* Resources */ = {
			isa = PBXResourcesBuildPhase;
			buildActionMask = 2147483647;
			files = (
			);
			runOnlyForDeploymentPostprocessing = 0;
		};
/* End PBXResourcesBuildPhase section */

/* Begin PBXSourcesBuildPhase section */
		C201F3B325F984AC005DAF73 /* Sources */ = {
			isa = PBXSourcesBuildPhase;
			buildActionMask = 2147483647;
			files = (
				C2B43B86261D169D0087EF01 /* TempoCell.swift in Sources */,
				C29CD5702630DAAD0022ED43 /* AudioFiles.swift in Sources */,
				C268EB2C2629C262007DDBB2 /* TempoListTableView.swift in Sources */,
				C201F3C525F984AC005DAF73 /* Metronome.xcdatamodeld in Sources */,
				C20390D025FC25B100B79F09 /* Metronome.swift in Sources */,
				C288AE7E260DFE2E00DF1030 /* MainViewController.swift in Sources */,
				C201F3BB25F984AC005DAF73 /* AppDelegate.swift in Sources */,
				C25377CF261751F900619BF6 /* TempoSlider.swift in Sources */,
				C201F3BD25F984AC005DAF73 /* SceneDelegate.swift in Sources */,
				C200EFAF2631E27E00EEBF05 /* MetronomeManager.swift in Sources */,
				C2C524FC2631E7FA00BB5C08 /* AudioTableViewController.swift in Sources */,
				C29CD55426304A960022ED43 /* AudioCell.swift in Sources */,
			);
			runOnlyForDeploymentPostprocessing = 0;
		};
		C201F3CC25F984B0005DAF73 /* Sources */ = {
			isa = PBXSourcesBuildPhase;
			buildActionMask = 2147483647;
			files = (
				C201F3D525F984B0005DAF73 /* MetronomeTests.swift in Sources */,
			);
			runOnlyForDeploymentPostprocessing = 0;
		};
		C201F3D725F984B0005DAF73 /* Sources */ = {
			isa = PBXSourcesBuildPhase;
			buildActionMask = 2147483647;
			files = (
				C201F3E025F984B0005DAF73 /* MetronomeUITests.swift in Sources */,
			);
			runOnlyForDeploymentPostprocessing = 0;
		};
/* End PBXSourcesBuildPhase section */

/* Begin PBXTargetDependency section */
		C201F3D225F984B0005DAF73 /* PBXTargetDependency */ = {
			isa = PBXTargetDependency;
			target = C201F3B625F984AC005DAF73 /* Metronome */;
			targetProxy = C201F3D125F984B0005DAF73 /* PBXContainerItemProxy */;
		};
		C201F3DD25F984B0005DAF73 /* PBXTargetDependency */ = {
			isa = PBXTargetDependency;
			target = C201F3B625F984AC005DAF73 /* Metronome */;
			targetProxy = C201F3DC25F984B0005DAF73 /* PBXContainerItemProxy */;
		};
/* End PBXTargetDependency section */

/* Begin PBXVariantGroup section */
		C201F3C025F984AC005DAF73 /* Main.storyboard */ = {
			isa = PBXVariantGroup;
			children = (
				C201F3C125F984AC005DAF73 /* Base */,
			);
			name = Main.storyboard;
			sourceTree = "<group>";
		};
		C201F3C825F984AF005DAF73 /* LaunchScreen.storyboard */ = {
			isa = PBXVariantGroup;
			children = (
				C201F3C925F984AF005DAF73 /* Base */,
			);
			name = LaunchScreen.storyboard;
			sourceTree = "<group>";
		};
/* End PBXVariantGroup section */

/* Begin XCBuildConfiguration section */
		C201F3E225F984B0005DAF73 /* Debug */ = {
			isa = XCBuildConfiguration;
			buildSettings = {
				ALWAYS_SEARCH_USER_PATHS = NO;
				CLANG_ANALYZER_NONNULL = YES;
				CLANG_ANALYZER_NUMBER_OBJECT_CONVERSION = YES_AGGRESSIVE;
				CLANG_CXX_LANGUAGE_STANDARD = "gnu++14";
				CLANG_CXX_LIBRARY = "libc++";
				CLANG_ENABLE_MODULES = YES;
				CLANG_ENABLE_OBJC_ARC = YES;
				CLANG_ENABLE_OBJC_WEAK = YES;
				CLANG_WARN_BLOCK_CAPTURE_AUTORELEASING = YES;
				CLANG_WARN_BOOL_CONVERSION = YES;
				CLANG_WARN_COMMA = YES;
				CLANG_WARN_CONSTANT_CONVERSION = YES;
				CLANG_WARN_DEPRECATED_OBJC_IMPLEMENTATIONS = YES;
				CLANG_WARN_DIRECT_OBJC_ISA_USAGE = YES_ERROR;
				CLANG_WARN_DOCUMENTATION_COMMENTS = YES;
				CLANG_WARN_EMPTY_BODY = YES;
				CLANG_WARN_ENUM_CONVERSION = YES;
				CLANG_WARN_INFINITE_RECURSION = YES;
				CLANG_WARN_INT_CONVERSION = YES;
				CLANG_WARN_NON_LITERAL_NULL_CONVERSION = YES;
				CLANG_WARN_OBJC_IMPLICIT_RETAIN_SELF = YES;
				CLANG_WARN_OBJC_LITERAL_CONVERSION = YES;
				CLANG_WARN_OBJC_ROOT_CLASS = YES_ERROR;
				CLANG_WARN_QUOTED_INCLUDE_IN_FRAMEWORK_HEADER = YES;
				CLANG_WARN_RANGE_LOOP_ANALYSIS = YES;
				CLANG_WARN_STRICT_PROTOTYPES = YES;
				CLANG_WARN_SUSPICIOUS_MOVE = YES;
				CLANG_WARN_UNGUARDED_AVAILABILITY = YES_AGGRESSIVE;
				CLANG_WARN_UNREACHABLE_CODE = YES;
				CLANG_WARN__DUPLICATE_METHOD_MATCH = YES;
				COPY_PHASE_STRIP = NO;
				DEBUG_INFORMATION_FORMAT = dwarf;
				ENABLE_STRICT_OBJC_MSGSEND = YES;
				ENABLE_TESTABILITY = YES;
				GCC_C_LANGUAGE_STANDARD = gnu11;
				GCC_DYNAMIC_NO_PIC = NO;
				GCC_NO_COMMON_BLOCKS = YES;
				GCC_OPTIMIZATION_LEVEL = 0;
				GCC_PREPROCESSOR_DEFINITIONS = (
					"DEBUG=1",
					"$(inherited)",
				);
				GCC_WARN_64_TO_32_BIT_CONVERSION = YES;
				GCC_WARN_ABOUT_RETURN_TYPE = YES_ERROR;
				GCC_WARN_UNDECLARED_SELECTOR = YES;
				GCC_WARN_UNINITIALIZED_AUTOS = YES_AGGRESSIVE;
				GCC_WARN_UNUSED_FUNCTION = YES;
				GCC_WARN_UNUSED_VARIABLE = YES;
				IPHONEOS_DEPLOYMENT_TARGET = 14.3;
				MTL_ENABLE_DEBUG_INFO = INCLUDE_SOURCE;
				MTL_FAST_MATH = YES;
				ONLY_ACTIVE_ARCH = YES;
				SDKROOT = iphoneos;
				SWIFT_ACTIVE_COMPILATION_CONDITIONS = DEBUG;
				SWIFT_OPTIMIZATION_LEVEL = "-Onone";
			};
			name = Debug;
		};
		C201F3E325F984B0005DAF73 /* Release */ = {
			isa = XCBuildConfiguration;
			buildSettings = {
				ALWAYS_SEARCH_USER_PATHS = NO;
				CLANG_ANALYZER_NONNULL = YES;
				CLANG_ANALYZER_NUMBER_OBJECT_CONVERSION = YES_AGGRESSIVE;
				CLANG_CXX_LANGUAGE_STANDARD = "gnu++14";
				CLANG_CXX_LIBRARY = "libc++";
				CLANG_ENABLE_MODULES = YES;
				CLANG_ENABLE_OBJC_ARC = YES;
				CLANG_ENABLE_OBJC_WEAK = YES;
				CLANG_WARN_BLOCK_CAPTURE_AUTORELEASING = YES;
				CLANG_WARN_BOOL_CONVERSION = YES;
				CLANG_WARN_COMMA = YES;
				CLANG_WARN_CONSTANT_CONVERSION = YES;
				CLANG_WARN_DEPRECATED_OBJC_IMPLEMENTATIONS = YES;
				CLANG_WARN_DIRECT_OBJC_ISA_USAGE = YES_ERROR;
				CLANG_WARN_DOCUMENTATION_COMMENTS = YES;
				CLANG_WARN_EMPTY_BODY = YES;
				CLANG_WARN_ENUM_CONVERSION = YES;
				CLANG_WARN_INFINITE_RECURSION = YES;
				CLANG_WARN_INT_CONVERSION = YES;
				CLANG_WARN_NON_LITERAL_NULL_CONVERSION = YES;
				CLANG_WARN_OBJC_IMPLICIT_RETAIN_SELF = YES;
				CLANG_WARN_OBJC_LITERAL_CONVERSION = YES;
				CLANG_WARN_OBJC_ROOT_CLASS = YES_ERROR;
				CLANG_WARN_QUOTED_INCLUDE_IN_FRAMEWORK_HEADER = YES;
				CLANG_WARN_RANGE_LOOP_ANALYSIS = YES;
				CLANG_WARN_STRICT_PROTOTYPES = YES;
				CLANG_WARN_SUSPICIOUS_MOVE = YES;
				CLANG_WARN_UNGUARDED_AVAILABILITY = YES_AGGRESSIVE;
				CLANG_WARN_UNREACHABLE_CODE = YES;
				CLANG_WARN__DUPLICATE_METHOD_MATCH = YES;
				COPY_PHASE_STRIP = NO;
				DEBUG_INFORMATION_FORMAT = "dwarf-with-dsym";
				ENABLE_NS_ASSERTIONS = NO;
				ENABLE_STRICT_OBJC_MSGSEND = YES;
				GCC_C_LANGUAGE_STANDARD = gnu11;
				GCC_NO_COMMON_BLOCKS = YES;
				GCC_WARN_64_TO_32_BIT_CONVERSION = YES;
				GCC_WARN_ABOUT_RETURN_TYPE = YES_ERROR;
				GCC_WARN_UNDECLARED_SELECTOR = YES;
				GCC_WARN_UNINITIALIZED_AUTOS = YES_AGGRESSIVE;
				GCC_WARN_UNUSED_FUNCTION = YES;
				GCC_WARN_UNUSED_VARIABLE = YES;
				IPHONEOS_DEPLOYMENT_TARGET = 14.3;
				MTL_ENABLE_DEBUG_INFO = NO;
				MTL_FAST_MATH = YES;
				SDKROOT = iphoneos;
				SWIFT_COMPILATION_MODE = wholemodule;
				SWIFT_OPTIMIZATION_LEVEL = "-O";
				VALIDATE_PRODUCT = YES;
			};
			name = Release;
		};
		C201F3E525F984B0005DAF73 /* Debug */ = {
			isa = XCBuildConfiguration;
			buildSettings = {
				ASSETCATALOG_COMPILER_APPICON_NAME = AppIcon;
				ASSETCATALOG_COMPILER_GLOBAL_ACCENT_COLOR_NAME = AccentColor;
				CODE_SIGN_STYLE = Automatic;
				DEVELOPMENT_TEAM = 8D448H496X;
				INFOPLIST_FILE = Metronome/Info.plist;
				LD_RUNPATH_SEARCH_PATHS = (
					"$(inherited)",
					"@executable_path/Frameworks",
				);
				PRODUCT_BUNDLE_IDENTIFIER = gerastupakov.Metronome;
				PRODUCT_NAME = "$(TARGET_NAME)";
				SWIFT_VERSION = 5.0;
				TARGETED_DEVICE_FAMILY = "1,2";
			};
			name = Debug;
		};
		C201F3E625F984B0005DAF73 /* Release */ = {
			isa = XCBuildConfiguration;
			buildSettings = {
				ASSETCATALOG_COMPILER_APPICON_NAME = AppIcon;
				ASSETCATALOG_COMPILER_GLOBAL_ACCENT_COLOR_NAME = AccentColor;
				CODE_SIGN_STYLE = Automatic;
				DEVELOPMENT_TEAM = 8D448H496X;
				INFOPLIST_FILE = Metronome/Info.plist;
				LD_RUNPATH_SEARCH_PATHS = (
					"$(inherited)",
					"@executable_path/Frameworks",
				);
				PRODUCT_BUNDLE_IDENTIFIER = gerastupakov.Metronome;
				PRODUCT_NAME = "$(TARGET_NAME)";
				SWIFT_VERSION = 5.0;
				TARGETED_DEVICE_FAMILY = "1,2";
			};
			name = Release;
		};
		C201F3E825F984B0005DAF73 /* Debug */ = {
			isa = XCBuildConfiguration;
			buildSettings = {
				ALWAYS_EMBED_SWIFT_STANDARD_LIBRARIES = YES;
				BUNDLE_LOADER = "$(TEST_HOST)";
				CODE_SIGN_STYLE = Automatic;
				DEVELOPMENT_TEAM = 8D448H496X;
				INFOPLIST_FILE = MetronomeTests/Info.plist;
				IPHONEOS_DEPLOYMENT_TARGET = 14.3;
				LD_RUNPATH_SEARCH_PATHS = (
					"$(inherited)",
					"@executable_path/Frameworks",
					"@loader_path/Frameworks",
				);
				PRODUCT_BUNDLE_IDENTIFIER = gerastupakov.MetronomeTests;
				PRODUCT_NAME = "$(TARGET_NAME)";
				SWIFT_VERSION = 5.0;
				TARGETED_DEVICE_FAMILY = "1,2";
				TEST_HOST = "$(BUILT_PRODUCTS_DIR)/Metronome.app/Metronome";
			};
			name = Debug;
		};
		C201F3E925F984B0005DAF73 /* Release */ = {
			isa = XCBuildConfiguration;
			buildSettings = {
				ALWAYS_EMBED_SWIFT_STANDARD_LIBRARIES = YES;
				BUNDLE_LOADER = "$(TEST_HOST)";
				CODE_SIGN_STYLE = Automatic;
				DEVELOPMENT_TEAM = 8D448H496X;
				INFOPLIST_FILE = MetronomeTests/Info.plist;
				IPHONEOS_DEPLOYMENT_TARGET = 14.3;
				LD_RUNPATH_SEARCH_PATHS = (
					"$(inherited)",
					"@executable_path/Frameworks",
					"@loader_path/Frameworks",
				);
				PRODUCT_BUNDLE_IDENTIFIER = gerastupakov.MetronomeTests;
				PRODUCT_NAME = "$(TARGET_NAME)";
				SWIFT_VERSION = 5.0;
				TARGETED_DEVICE_FAMILY = "1,2";
				TEST_HOST = "$(BUILT_PRODUCTS_DIR)/Metronome.app/Metronome";
			};
			name = Release;
		};
		C201F3EB25F984B0005DAF73 /* Debug */ = {
			isa = XCBuildConfiguration;
			buildSettings = {
				ALWAYS_EMBED_SWIFT_STANDARD_LIBRARIES = YES;
				CODE_SIGN_STYLE = Automatic;
				DEVELOPMENT_TEAM = 8D448H496X;
				INFOPLIST_FILE = MetronomeUITests/Info.plist;
				LD_RUNPATH_SEARCH_PATHS = (
					"$(inherited)",
					"@executable_path/Frameworks",
					"@loader_path/Frameworks",
				);
				PRODUCT_BUNDLE_IDENTIFIER = gerastupakov.MetronomeUITests;
				PRODUCT_NAME = "$(TARGET_NAME)";
				SWIFT_VERSION = 5.0;
				TARGETED_DEVICE_FAMILY = "1,2";
				TEST_TARGET_NAME = Metronome;
			};
			name = Debug;
		};
		C201F3EC25F984B0005DAF73 /* Release */ = {
			isa = XCBuildConfiguration;
			buildSettings = {
				ALWAYS_EMBED_SWIFT_STANDARD_LIBRARIES = YES;
				CODE_SIGN_STYLE = Automatic;
				DEVELOPMENT_TEAM = 8D448H496X;
				INFOPLIST_FILE = MetronomeUITests/Info.plist;
				LD_RUNPATH_SEARCH_PATHS = (
					"$(inherited)",
					"@executable_path/Frameworks",
					"@loader_path/Frameworks",
				);
				PRODUCT_BUNDLE_IDENTIFIER = gerastupakov.MetronomeUITests;
				PRODUCT_NAME = "$(TARGET_NAME)";
				SWIFT_VERSION = 5.0;
				TARGETED_DEVICE_FAMILY = "1,2";
				TEST_TARGET_NAME = Metronome;
			};
			name = Release;
		};
/* End XCBuildConfiguration section */

/* Begin XCConfigurationList section */
		C201F3B225F984AC005DAF73 /* Build configuration list for PBXProject "Metronome" */ = {
			isa = XCConfigurationList;
			buildConfigurations = (
				C201F3E225F984B0005DAF73 /* Debug */,
				C201F3E325F984B0005DAF73 /* Release */,
			);
			defaultConfigurationIsVisible = 0;
			defaultConfigurationName = Release;
		};
		C201F3E425F984B0005DAF73 /* Build configuration list for PBXNativeTarget "Metronome" */ = {
			isa = XCConfigurationList;
			buildConfigurations = (
				C201F3E525F984B0005DAF73 /* Debug */,
				C201F3E625F984B0005DAF73 /* Release */,
			);
			defaultConfigurationIsVisible = 0;
			defaultConfigurationName = Release;
		};
		C201F3E725F984B0005DAF73 /* Build configuration list for PBXNativeTarget "MetronomeTests" */ = {
			isa = XCConfigurationList;
			buildConfigurations = (
				C201F3E825F984B0005DAF73 /* Debug */,
				C201F3E925F984B0005DAF73 /* Release */,
			);
			defaultConfigurationIsVisible = 0;
			defaultConfigurationName = Release;
		};
		C201F3EA25F984B0005DAF73 /* Build configuration list for PBXNativeTarget "MetronomeUITests" */ = {
			isa = XCConfigurationList;
			buildConfigurations = (
				C201F3EB25F984B0005DAF73 /* Debug */,
				C201F3EC25F984B0005DAF73 /* Release */,
			);
			defaultConfigurationIsVisible = 0;
			defaultConfigurationName = Release;
		};
/* End XCConfigurationList section */

/* Begin XCVersionGroup section */
		C201F3C325F984AC005DAF73 /* Metronome.xcdatamodeld */ = {
			isa = XCVersionGroup;
			children = (
				C201F3C425F984AC005DAF73 /* Metronome.xcdatamodel */,
			);
			currentVersion = C201F3C425F984AC005DAF73 /* Metronome.xcdatamodel */;
			path = Metronome.xcdatamodeld;
			sourceTree = "<group>";
			versionGroupType = wrapper.xcdatamodel;
		};
/* End XCVersionGroup section */
	};
	rootObject = C201F3AF25F984AC005DAF73 /* Project object */;
}
